
Microsoft Visual Studio Solution File, Format Version 12.00
# Visual Studio Version 16
VisualStudioVersion = 16.0.30907.101
MinimumVisualStudioVersion = 10.0.40219.1
Project("{FAE04EC0-301F-11D3-BF4B-00C04F79EFBC}") = "DATABASES", "DATABASES\DATABASES.csproj", "{09461DE1-F469-4166-97CF-92F70866EEE6}"
EndProject
Global
	GlobalSection(SolutionConfigurationPlatforms) = preSolution
		Debug|Any CPU = Debug|Any CPU
		Release|Any CPU = Release|Any CPU
	EndGlobalSection
	GlobalSection(ProjectConfigurationPlatforms) = postSolution
		{09461DE1-F469-4166-97CF-92F70866EEE6}.Debug|Any CPU.ActiveCfg = Debug|Any CPU
		{09461DE1-F469-4166-97CF-92F70866EEE6}.Debug|Any CPU.Build.0 = Debug|Any CPU
		{09461DE1-F469-4166-97CF-92F70866EEE6}.Release|Any CPU.ActiveCfg = Release|Any CPU
		{09461DE1-F469-4166-97CF-92F70866EEE6}.Release|Any CPU.Build.0 = Release|Any CPU
	EndGlobalSection
	GlobalSection(SolutionProperties) = preSolution
		HideSolutionNode = FALSE
	EndGlobalSection
	GlobalSection(ExtensibilityGlobals) = postSolution
		SolutionGuid = {01009600-4E9B-4ECB-8421-C12001AA8C66}
	EndGlobalSection
EndGlobal
